
Microsoft Visual Studio Solution File, Format Version 12.00
# Visual Studio Version 17
VisualStudioVersion = 17.14.36429.23
MinimumVisualStudioVersion = 10.0.40219.1
Project("{2150E333-8FDC-42A3-9474-1A3956D46DE8}") = "SRC", "SRC", "{02EA681E-C7D8-13C7-8484-4AC65E1B71E8}"
EndProject
Project("{FAE04EC0-301F-11D3-BF4B-00C04F79EFBC}") = "Convivia.Domain", "Convivia.Domain\Convivia.Domain.csproj", "{49D1CC8D-8CC8-4F51-B013-F46A37A97D90}"
EndProject
Project("{FAE04EC0-301F-11D3-BF4B-00C04F79EFBC}") = "Convivia.API", "Convivia.API\Convivia.API.csproj", "{608AE9FB-1004-D056-469A-7E1231FD898A}"
EndProject
Project("{FAE04EC0-301F-11D3-BF4B-00C04F79EFBC}") = "Convivia.Application", "Convivia.Application\Convivia.Application.csproj", "{300675C9-DC93-4F9F-8D62-91D0C3687784}"
EndProject
Project("{FAE04EC0-301F-11D3-BF4B-00C04F79EFBC}") = "Convivia.Infrastructure", "Convivia.Infrastructure\Convivia.Infrastructure.csproj", "{0BF54380-22CC-4C75-B180-EB472F529454}"
EndProject
Project("{FAE04EC0-301F-11D3-BF4B-00C04F79EFBC}") = "Convivia.Shared", "Convivia.Shared\Convivia.Shared.csproj", "{C76E57C1-DF4A-4C85-8350-35AB07F302EE}"
EndProject
Global
	GlobalSection(SolutionConfigurationPlatforms) = preSolution
		Debug|Any CPU = Debug|Any CPU
		Release|Any CPU = Release|Any CPU
	EndGlobalSection
	GlobalSection(ProjectConfigurationPlatforms) = postSolution
		{49D1CC8D-8CC8-4F51-B013-F46A37A97D90}.Debug|Any CPU.ActiveCfg = Debug|Any CPU
		{49D1CC8D-8CC8-4F51-B013-F46A37A97D90}.Debug|Any CPU.Build.0 = Debug|Any CPU
		{49D1CC8D-8CC8-4F51-B013-F46A37A97D90}.Release|Any CPU.ActiveCfg = Release|Any CPU
		{49D1CC8D-8CC8-4F51-B013-F46A37A97D90}.Release|Any CPU.Build.0 = Release|Any CPU
		{608AE9FB-1004-D056-469A-7E1231FD898A}.Debug|Any CPU.ActiveCfg = Debug|Any CPU
		{608AE9FB-1004-D056-469A-7E1231FD898A}.Debug|Any CPU.Build.0 = Debug|Any CPU
		{608AE9FB-1004-D056-469A-7E1231FD898A}.Release|Any CPU.ActiveCfg = Release|Any CPU
		{608AE9FB-1004-D056-469A-7E1231FD898A}.Release|Any CPU.Build.0 = Release|Any CPU
		{300675C9-DC93-4F9F-8D62-91D0C3687784}.Debug|Any CPU.ActiveCfg = Debug|Any CPU
		{300675C9-DC93-4F9F-8D62-91D0C3687784}.Debug|Any CPU.Build.0 = Debug|Any CPU
		{300675C9-DC93-4F9F-8D62-91D0C3687784}.Release|Any CPU.ActiveCfg = Release|Any CPU
		{300675C9-DC93-4F9F-8D62-91D0C3687784}.Release|Any CPU.Build.0 = Release|Any CPU
		{0BF54380-22CC-4C75-B180-EB472F529454}.Debug|Any CPU.ActiveCfg = Debug|Any CPU
		{0BF54380-22CC-4C75-B180-EB472F529454}.Debug|Any CPU.Build.0 = Debug|Any CPU
		{0BF54380-22CC-4C75-B180-EB472F529454}.Release|Any CPU.ActiveCfg = Release|Any CPU
		{0BF54380-22CC-4C75-B180-EB472F529454}.Release|Any CPU.Build.0 = Release|Any CPU
		{C76E57C1-DF4A-4C85-8350-35AB07F302EE}.Debug|Any CPU.ActiveCfg = Debug|Any CPU
		{C76E57C1-DF4A-4C85-8350-35AB07F302EE}.Debug|Any CPU.Build.0 = Debug|Any CPU
		{C76E57C1-DF4A-4C85-8350-35AB07F302EE}.Release|Any CPU.ActiveCfg = Release|Any CPU
		{C76E57C1-DF4A-4C85-8350-35AB07F302EE}.Release|Any CPU.Build.0 = Release|Any CPU
	EndGlobalSection
	GlobalSection(SolutionProperties) = preSolution
		HideSolutionNode = FALSE
	EndGlobalSection
	GlobalSection(NestedProjects) = preSolution
		{49D1CC8D-8CC8-4F51-B013-F46A37A97D90} = {02EA681E-C7D8-13C7-8484-4AC65E1B71E8}
		{608AE9FB-1004-D056-469A-7E1231FD898A} = {02EA681E-C7D8-13C7-8484-4AC65E1B71E8}
		{300675C9-DC93-4F9F-8D62-91D0C3687784} = {02EA681E-C7D8-13C7-8484-4AC65E1B71E8}
		{0BF54380-22CC-4C75-B180-EB472F529454} = {02EA681E-C7D8-13C7-8484-4AC65E1B71E8}
		{C76E57C1-DF4A-4C85-8350-35AB07F302EE} = {02EA681E-C7D8-13C7-8484-4AC65E1B71E8}
	EndGlobalSection
	GlobalSection(ExtensibilityGlobals) = postSolution
		SolutionGuid = {B887BC1C-B962-4B5D-B673-0D94953C505F}
	EndGlobalSection
EndGlobal
